
Microsoft Visual Studio Solution File, Format Version 12.00
# Visual Studio Version 16
VisualStudioVersion = 16.0.30803.129
MinimumVisualStudioVersion = 10.0.40219.1
Project("{FAE04EC0-301F-11D3-BF4B-00C04F79EFBC}") = "MVC_Course_V2", "MVC_Course_V2.csproj", "{BF5AEB5C-F4DF-47CB-9CE5-9894A091E8B2}"
EndProject
Global
	GlobalSection(SolutionConfigurationPlatforms) = preSolution
		Debug|Any CPU = Debug|Any CPU
		Release|Any CPU = Release|Any CPU
	EndGlobalSection
	GlobalSection(ProjectConfigurationPlatforms) = postSolution
		{BF5AEB5C-F4DF-47CB-9CE5-9894A091E8B2}.Debug|Any CPU.ActiveCfg = Debug|Any CPU
		{BF5AEB5C-F4DF-47CB-9CE5-9894A091E8B2}.Debug|Any CPU.Build.0 = Debug|Any CPU
		{BF5AEB5C-F4DF-47CB-9CE5-9894A091E8B2}.Release|Any CPU.ActiveCfg = Release|Any CPU
		{BF5AEB5C-F4DF-47CB-9CE5-9894A091E8B2}.Release|Any CPU.Build.0 = Release|Any CPU
	EndGlobalSection
	GlobalSection(SolutionProperties) = preSolution
		HideSolutionNode = FALSE
	EndGlobalSection
	GlobalSection(ExtensibilityGlobals) = postSolution
		SolutionGuid = {5A6D697D-DEF5-4076-A03E-3286BC1A5868}
	EndGlobalSection
EndGlobal
